
Microsoft Visual Studio Solution File, Format Version 12.00
# Visual Studio Version 17
VisualStudioVersion = 17.11.35222.181
MinimumVisualStudioVersion = 10.0.40219.1
Project("{FAE04EC0-301F-11D3-BF4B-00C04F79EFBC}") = "PoliteCode", "PoliteCode\PoliteCode.csproj", "{54E78BBF-B0AE-40DB-B5BD-3D5C9D5F0509}"
EndProject
Global
	GlobalSection(SolutionConfigurationPlatforms) = preSolution
		Debug|Any CPU = Debug|Any CPU
		Release|Any CPU = Release|Any CPU
	EndGlobalSection
	GlobalSection(ProjectConfigurationPlatforms) = postSolution
		{54E78BBF-B0AE-40DB-B5BD-3D5C9D5F0509}.Debug|Any CPU.ActiveCfg = Debug|Any CPU
		{54E78BBF-B0AE-40DB-B5BD-3D5C9D5F0509}.Debug|Any CPU.Build.0 = Debug|Any CPU
		{54E78BBF-B0AE-40DB-B5BD-3D5C9D5F0509}.Release|Any CPU.ActiveCfg = Release|Any CPU
		{54E78BBF-B0AE-40DB-B5BD-3D5C9D5F0509}.Release|Any CPU.Build.0 = Release|Any CPU
	EndGlobalSection
	GlobalSection(SolutionProperties) = preSolution
		HideSolutionNode = FALSE
	EndGlobalSection
	GlobalSection(ExtensibilityGlobals) = postSolution
		SolutionGuid = {83303331-A616-44A4-8A5A-2463604B313F}
	EndGlobalSection
EndGlobal
